
Microsoft Visual Studio Solution File, Format Version 12.00
# Visual Studio Version 16
VisualStudioVersion = 16.0.28407.52
MinimumVisualStudioVersion = 10.0.40219.1
Project("{9A19103F-16F7-4668-BE54-9A1E7A4F7556}") = "TimeTrialCup.Fns", "src\TimeTrialCup.Fns\TimeTrialCup.Fns.csproj", "{78731D16-6ECD-4E1A-AEA7-65CF8292A30E}"
EndProject
Project("{2150E333-8FDC-42A3-9474-1A3956D46DE8}") = "POC", "POC", "{76743494-CBAA-4A56-9169-DD268CD4A4FF}"
EndProject
Project("{9A19103F-16F7-4668-BE54-9A1E7A4F7556}") = "TimeTrialCup.Core", "src\TimeTrialCup.Core\TimeTrialCup.Core.csproj", "{2F8F5C67-042E-41F0-8CA8-28CA955792FF}"
EndProject
Project("{FAE04EC0-301F-11D3-BF4B-00C04F79EFBC}") = "TimeTrialCup.WinApp", "src\TimeTrialCup.WinApp\TimeTrialCup.WinApp.csproj", "{130DD8BF-8914-4EAA-949F-CE18245C9360}"
EndProject
Global
	GlobalSection(SolutionConfigurationPlatforms) = preSolution
		Debug|Any CPU = Debug|Any CPU
		Debug|ARM = Debug|ARM
		Debug|ARM64 = Debug|ARM64
		Debug|x64 = Debug|x64
		Debug|x86 = Debug|x86
		Release|Any CPU = Release|Any CPU
		Release|ARM = Release|ARM
		Release|ARM64 = Release|ARM64
		Release|x64 = Release|x64
		Release|x86 = Release|x86
	EndGlobalSection
	GlobalSection(ProjectConfigurationPlatforms) = postSolution
		{78731D16-6ECD-4E1A-AEA7-65CF8292A30E}.Debug|Any CPU.ActiveCfg = Debug|Any CPU
		{78731D16-6ECD-4E1A-AEA7-65CF8292A30E}.Debug|Any CPU.Build.0 = Debug|Any CPU
		{78731D16-6ECD-4E1A-AEA7-65CF8292A30E}.Debug|ARM.ActiveCfg = Debug|Any CPU
		{78731D16-6ECD-4E1A-AEA7-65CF8292A30E}.Debug|ARM.Build.0 = Debug|Any CPU
		{78731D16-6ECD-4E1A-AEA7-65CF8292A30E}.Debug|ARM64.ActiveCfg = Debug|Any CPU
		{78731D16-6ECD-4E1A-AEA7-65CF8292A30E}.Debug|ARM64.Build.0 = Debug|Any CPU
		{78731D16-6ECD-4E1A-AEA7-65CF8292A30E}.Debug|x64.ActiveCfg = Debug|Any CPU
		{78731D16-6ECD-4E1A-AEA7-65CF8292A30E}.Debug|x64.Build.0 = Debug|Any CPU
		{78731D16-6ECD-4E1A-AEA7-65CF8292A30E}.Debug|x86.ActiveCfg = Debug|Any CPU
		{78731D16-6ECD-4E1A-AEA7-65CF8292A30E}.Debug|x86.Build.0 = Debug|Any CPU
		{78731D16-6ECD-4E1A-AEA7-65CF8292A30E}.Release|Any CPU.ActiveCfg = Release|Any CPU
		{78731D16-6ECD-4E1A-AEA7-65CF8292A30E}.Release|Any CPU.Build.0 = Release|Any CPU
		{78731D16-6ECD-4E1A-AEA7-65CF8292A30E}.Release|ARM.ActiveCfg = Release|Any CPU
		{78731D16-6ECD-4E1A-AEA7-65CF8292A30E}.Release|ARM.Build.0 = Release|Any CPU
		{78731D16-6ECD-4E1A-AEA7-65CF8292A30E}.Release|ARM64.ActiveCfg = Release|Any CPU
		{78731D16-6ECD-4E1A-AEA7-65CF8292A30E}.Release|ARM64.Build.0 = Release|Any CPU
		{78731D16-6ECD-4E1A-AEA7-65CF8292A30E}.Release|x64.ActiveCfg = Release|Any CPU
		{78731D16-6ECD-4E1A-AEA7-65CF8292A30E}.Release|x64.Build.0 = Release|Any CPU
		{78731D16-6ECD-4E1A-AEA7-65CF8292A30E}.Release|x86.ActiveCfg = Release|Any CPU
		{78731D16-6ECD-4E1A-AEA7-65CF8292A30E}.Release|x86.Build.0 = Release|Any CPU
		{2F8F5C67-042E-41F0-8CA8-28CA955792FF}.Debug|Any CPU.ActiveCfg = Debug|Any CPU
		{2F8F5C67-042E-41F0-8CA8-28CA955792FF}.Debug|Any CPU.Build.0 = Debug|Any CPU
		{2F8F5C67-042E-41F0-8CA8-28CA955792FF}.Debug|ARM.ActiveCfg = Debug|Any CPU
		{2F8F5C67-042E-41F0-8CA8-28CA955792FF}.Debug|ARM.Build.0 = Debug|Any CPU
		{2F8F5C67-042E-41F0-8CA8-28CA955792FF}.Debug|ARM64.ActiveCfg = Debug|Any CPU
		{2F8F5C67-042E-41F0-8CA8-28CA955792FF}.Debug|ARM64.Build.0 = Debug|Any CPU
		{2F8F5C67-042E-41F0-8CA8-28CA955792FF}.Debug|x64.ActiveCfg = Debug|Any CPU
		{2F8F5C67-042E-41F0-8CA8-28CA955792FF}.Debug|x64.Build.0 = Debug|Any CPU
		{2F8F5C67-042E-41F0-8CA8-28CA955792FF}.Debug|x86.ActiveCfg = Debug|Any CPU
		{2F8F5C67-042E-41F0-8CA8-28CA955792FF}.Debug|x86.Build.0 = Debug|Any CPU
		{2F8F5C67-042E-41F0-8CA8-28CA955792FF}.Release|Any CPU.ActiveCfg = Release|Any CPU
		{2F8F5C67-042E-41F0-8CA8-28CA955792FF}.Release|Any CPU.Build.0 = Release|Any CPU
		{2F8F5C67-042E-41F0-8CA8-28CA955792FF}.Release|ARM.ActiveCfg = Release|Any CPU
		{2F8F5C67-042E-41F0-8CA8-28CA955792FF}.Release|ARM.Build.0 = Release|Any CPU
		{2F8F5C67-042E-41F0-8CA8-28CA955792FF}.Release|ARM64.ActiveCfg = Release|Any CPU
		{2F8F5C67-042E-41F0-8CA8-28CA955792FF}.Release|ARM64.Build.0 = Release|Any CPU
		{2F8F5C67-042E-41F0-8CA8-28CA955792FF}.Release|x64.ActiveCfg = Release|Any CPU
		{2F8F5C67-042E-41F0-8CA8-28CA955792FF}.Release|x64.Build.0 = Release|Any CPU
		{2F8F5C67-042E-41F0-8CA8-28CA955792FF}.Release|x86.ActiveCfg = Release|Any CPU
		{2F8F5C67-042E-41F0-8CA8-28CA955792FF}.Release|x86.Build.0 = Release|Any CPU
		{130DD8BF-8914-4EAA-949F-CE18245C9360}.Debug|Any CPU.ActiveCfg = Debug|x86
		{130DD8BF-8914-4EAA-949F-CE18245C9360}.Debug|Any CPU.Build.0 = Debug|x86
		{130DD8BF-8914-4EAA-949F-CE18245C9360}.Debug|Any CPU.Deploy.0 = Debug|x86
		{130DD8BF-8914-4EAA-949F-CE18245C9360}.Debug|ARM.ActiveCfg = Debug|ARM
		{130DD8BF-8914-4EAA-949F-CE18245C9360}.Debug|ARM.Build.0 = Debug|ARM
		{130DD8BF-8914-4EAA-949F-CE18245C9360}.Debug|ARM.Deploy.0 = Debug|ARM
		{130DD8BF-8914-4EAA-949F-CE18245C9360}.Debug|ARM64.ActiveCfg = Debug|ARM64
		{130DD8BF-8914-4EAA-949F-CE18245C9360}.Debug|ARM64.Build.0 = Debug|ARM64
		{130DD8BF-8914-4EAA-949F-CE18245C9360}.Debug|ARM64.Deploy.0 = Debug|ARM64
		{130DD8BF-8914-4EAA-949F-CE18245C9360}.Debug|x64.ActiveCfg = Debug|x64
		{130DD8BF-8914-4EAA-949F-CE18245C9360}.Debug|x64.Build.0 = Debug|x64
		{130DD8BF-8914-4EAA-949F-CE18245C9360}.Debug|x64.Deploy.0 = Debug|x64
		{130DD8BF-8914-4EAA-949F-CE18245C9360}.Debug|x86.ActiveCfg = Debug|x86
		{130DD8BF-8914-4EAA-949F-CE18245C9360}.Debug|x86.Build.0 = Debug|x86
		{130DD8BF-8914-4EAA-949F-CE18245C9360}.Debug|x86.Deploy.0 = Debug|x86
		{130DD8BF-8914-4EAA-949F-CE18245C9360}.Release|Any CPU.ActiveCfg = Release|x86
		{130DD8BF-8914-4EAA-949F-CE18245C9360}.Release|Any CPU.Build.0 = Release|x86
		{130DD8BF-8914-4EAA-949F-CE18245C9360}.Release|Any CPU.Deploy.0 = Release|x86
		{130DD8BF-8914-4EAA-949F-CE18245C9360}.Release|ARM.ActiveCfg = Release|ARM
		{130DD8BF-8914-4EAA-949F-CE18245C9360}.Release|ARM.Build.0 = Release|ARM
		{130DD8BF-8914-4EAA-949F-CE18245C9360}.Release|ARM.Deploy.0 = Release|ARM
		{130DD8BF-8914-4EAA-949F-CE18245C9360}.Release|ARM64.ActiveCfg = Release|ARM64
		{130DD8BF-8914-4EAA-949F-CE18245C9360}.Release|ARM64.Build.0 = Release|ARM64
		{130DD8BF-8914-4EAA-949F-CE18245C9360}.Release|ARM64.Deploy.0 = Release|ARM64
		{130DD8BF-8914-4EAA-949F-CE18245C9360}.Release|x64.ActiveCfg = Release|x64
		{130DD8BF-8914-4EAA-949F-CE18245C9360}.Release|x64.Build.0 = Release|x64
		{130DD8BF-8914-4EAA-949F-CE18245C9360}.Release|x64.Deploy.0 = Release|x64
		{130DD8BF-8914-4EAA-949F-CE18245C9360}.Release|x86.ActiveCfg = Release|x86
		{130DD8BF-8914-4EAA-949F-CE18245C9360}.Release|x86.Build.0 = Release|x86
		{130DD8BF-8914-4EAA-949F-CE18245C9360}.Release|x86.Deploy.0 = Release|x86
	EndGlobalSection
	GlobalSection(SolutionProperties) = preSolution
		HideSolutionNode = FALSE
	EndGlobalSection
	GlobalSection(ExtensibilityGlobals) = postSolution
		SolutionGuid = {FD20FB30-DFAE-4E18-89EC-536456E6EB0D}
	EndGlobalSection
EndGlobal
