
Microsoft Visual Studio Solution File, Format Version 12.00
# Visual Studio Version 17
VisualStudioVersion = 17.0.31903.59
MinimumVisualStudioVersion = 10.0.40219.1
Project("{9A19103F-16F7-4668-BE54-9A1E7A4F7556}") = "CupKeeper.Core", "src\CupKeeper.Core\CupKeeper.Core.csproj", "{CB9C0157-EDC8-49C8-BB78-20B32CC94F96}"
EndProject
Project("{2150E333-8FDC-42A3-9474-1A3956D46DE8}") = "1. Core", "1. Core", "{82C1018B-1870-43C6-BCB2-38AF5A6DB610}"
EndProject
Project("{2150E333-8FDC-42A3-9474-1A3956D46DE8}") = "0. Libraries", "0. Libraries", "{6C449D72-FAB1-4FFC-BA78-8D558F85DC39}"
EndProject
Project("{2150E333-8FDC-42A3-9474-1A3956D46DE8}") = "2. Domains", "2. Domains", "{EC2AF208-E123-489A-AD93-DAC11AA4ADC2}"
EndProject
Project("{2150E333-8FDC-42A3-9474-1A3956D46DE8}") = "3. Infrastructure", "3. Infrastructure", "{3B37C7EA-1289-4E95-A9A3-FB7AA9AD2C40}"
EndProject
Project("{2150E333-8FDC-42A3-9474-1A3956D46DE8}") = "4. Applications", "4. Applications", "{4EC54C70-7C2C-44D1-B2B3-EAE0697BD0B2}"
EndProject
Project("{2150E333-8FDC-42A3-9474-1A3956D46DE8}") = "5. Testing", "5. Testing", "{CFAC031F-A142-4E60-8F66-D5463D141B36}"
EndProject
Project("{9A19103F-16F7-4668-BE54-9A1E7A4F7556}") = "CupKeeper.Tests", "src\CupKeeper.Tests\CupKeeper.Tests.csproj", "{8ECA97D0-460B-4A42-8F48-8D80E2C5B14B}"
EndProject
Project("{FAE04EC0-301F-11D3-BF4B-00C04F79EFBC}") = "Petl.EventSourcing", "petl\src\Petl.EventSourcing\Petl.EventSourcing.csproj", "{6519A78F-49D0-4727-A499-C780A914E0B6}"
EndProject
Project("{FAE04EC0-301F-11D3-BF4B-00C04F79EFBC}") = "Petl.EventSourcing.Providers.MongoDb", "petl\src\Petl.EventSourcing.Providers.MongoDb\Petl.EventSourcing.Providers.MongoDb.csproj", "{F68687A4-1573-43FB-8634-DD07839C10CC}"
EndProject
Project("{FAE04EC0-301F-11D3-BF4B-00C04F79EFBC}") = "CupKeeper.Domains.Locations.Orleans", "src\CupKeeper.Domains.Locations.Orleans\CupKeeper.Domains.Locations.Orleans.csproj", "{C4EE70CE-4AEF-47FD-82EE-E3DC40A23C3F}"
EndProject
Project("{FAE04EC0-301F-11D3-BF4B-00C04F79EFBC}") = "Petl.EventSourcing.Orleans", "petl\src\Petl.EventSourcing.Orleans\Petl.EventSourcing.Orleans.csproj", "{97948B3E-F2F6-4700-8D33-CCD84A4043AF}"
EndProject
Project("{FAE04EC0-301F-11D3-BF4B-00C04F79EFBC}") = "CupKeeper.Domains.Championships.Orleans", "src\CupKeeper.Domains.Championships.Orleans\CupKeeper.Domains.Championships.Orleans.csproj", "{93EDD8D1-A6AA-4F1A-93E1-B012C174D480}"
EndProject
Project("{FAE04EC0-301F-11D3-BF4B-00C04F79EFBC}") = "CupKeeper.OrleansHost", "src\CupKeeper.OrleansHost\CupKeeper.OrleansHost.csproj", "{AD125408-713D-4B44-A5A9-822002757A8B}"
EndProject
Project("{2150E333-8FDC-42A3-9474-1A3956D46DE8}") = "Solution Items", "Solution Items", "{3D2E8A89-3C0B-49B7-9860-F1280B36C642}"
	ProjectSection(SolutionItems) = preProject
		docker-compose.yml = docker-compose.yml
	EndProjectSection
EndProject
Project("{FAE04EC0-301F-11D3-BF4B-00C04F79EFBC}") = "CupKeeper.Domains.Championships.UsaCycling", "src\CupKeeper.Domains.Championships.UsaCycling\CupKeeper.Domains.Championships.UsaCycling.csproj", "{F1FD3725-3310-44F2-9C3D-084C42E46EF8}"
EndProject
Project("{FAE04EC0-301F-11D3-BF4B-00C04F79EFBC}") = "CupKeeper.AdminApp", "src\CupKeeper.AdminApp\CupKeeper.AdminApp.csproj", "{C749C91A-63EA-44D2-8371-047C0A3411DD}"
EndProject
Project("{FAE04EC0-301F-11D3-BF4B-00C04F79EFBC}") = "Tazor.Core", "tazor\src\Tazor.Core\Tazor.Core.csproj", "{8ED28293-90AF-4165-84E8-6DD0A73BA377}"
EndProject
Project("{FAE04EC0-301F-11D3-BF4B-00C04F79EFBC}") = "Tazor.Components", "tazor\src\Tazor.Components\Tazor.Components.csproj", "{EFA7F327-CD6B-4957-9426-C4CD65BD2AC6}"
EndProject
Project("{FAE04EC0-301F-11D3-BF4B-00C04F79EFBC}") = "Tazor.Http", "tazor\src\Tazor.Http\Tazor.Http.csproj", "{2818339F-F633-417E-A3F9-82AC915D49FF}"
EndProject
Project("{FAE04EC0-301F-11D3-BF4B-00C04F79EFBC}") = "Tazor.Wasm", "tazor\src\Tazor.Wasm\Tazor.Wasm.csproj", "{4123466F-E629-470C-926D-0B6B188AF98E}"
EndProject
Project("{FAE04EC0-301F-11D3-BF4B-00C04F79EFBC}") = "Petl.Tests", "petl\src\Petl.Tests\Petl.Tests.csproj", "{7782C6E2-0732-42E5-AFF8-9565122B99BA}"
EndProject
Project("{FAE04EC0-301F-11D3-BF4B-00C04F79EFBC}") = "Petl.Mediator", "petl\src\Petl.Mediator\Petl.Mediator.csproj", "{FC86CA88-684D-4273-A031-765512524BF3}"
EndProject
Project("{FAE04EC0-301F-11D3-BF4B-00C04F79EFBC}") = "CupKeeper.Domains.Championships.Services.Mongo", "src\CupKeeper.Domains.Championships.Services.Mongo\CupKeeper.Domains.Championships.Services.Mongo.csproj", "{896883D4-3381-49FB-A95A-0360F8099A20}"
EndProject
Project("{FAE04EC0-301F-11D3-BF4B-00C04F79EFBC}") = "CupKeeper.OrleansClient", "src\CupKeeper.OrleansClient\CupKeeper.OrleansClient.csproj", "{F7B960C2-8BBD-428C-8AB9-C3295F0E391F}"
EndProject
Project("{FAE04EC0-301F-11D3-BF4B-00C04F79EFBC}") = "CupKeeper.AdminApi", "src\CupKeeper.AdminApi\CupKeeper.AdminApi.csproj", "{6AF5CF8E-22DF-40C9-9D9D-338F34CA2DB0}"
EndProject
Global
	GlobalSection(SolutionConfigurationPlatforms) = preSolution
		Debug|Any CPU = Debug|Any CPU
		Release|Any CPU = Release|Any CPU
	EndGlobalSection
	GlobalSection(ProjectConfigurationPlatforms) = postSolution
		{CB9C0157-EDC8-49C8-BB78-20B32CC94F96}.Debug|Any CPU.ActiveCfg = Debug|Any CPU
		{CB9C0157-EDC8-49C8-BB78-20B32CC94F96}.Debug|Any CPU.Build.0 = Debug|Any CPU
		{CB9C0157-EDC8-49C8-BB78-20B32CC94F96}.Release|Any CPU.ActiveCfg = Release|Any CPU
		{CB9C0157-EDC8-49C8-BB78-20B32CC94F96}.Release|Any CPU.Build.0 = Release|Any CPU
		{8ECA97D0-460B-4A42-8F48-8D80E2C5B14B}.Debug|Any CPU.ActiveCfg = Debug|Any CPU
		{8ECA97D0-460B-4A42-8F48-8D80E2C5B14B}.Debug|Any CPU.Build.0 = Debug|Any CPU
		{8ECA97D0-460B-4A42-8F48-8D80E2C5B14B}.Release|Any CPU.ActiveCfg = Release|Any CPU
		{8ECA97D0-460B-4A42-8F48-8D80E2C5B14B}.Release|Any CPU.Build.0 = Release|Any CPU
		{6519A78F-49D0-4727-A499-C780A914E0B6}.Debug|Any CPU.ActiveCfg = Debug|Any CPU
		{6519A78F-49D0-4727-A499-C780A914E0B6}.Debug|Any CPU.Build.0 = Debug|Any CPU
		{6519A78F-49D0-4727-A499-C780A914E0B6}.Release|Any CPU.ActiveCfg = Release|Any CPU
		{6519A78F-49D0-4727-A499-C780A914E0B6}.Release|Any CPU.Build.0 = Release|Any CPU
		{F68687A4-1573-43FB-8634-DD07839C10CC}.Debug|Any CPU.ActiveCfg = Debug|Any CPU
		{F68687A4-1573-43FB-8634-DD07839C10CC}.Debug|Any CPU.Build.0 = Debug|Any CPU
		{F68687A4-1573-43FB-8634-DD07839C10CC}.Release|Any CPU.ActiveCfg = Release|Any CPU
		{F68687A4-1573-43FB-8634-DD07839C10CC}.Release|Any CPU.Build.0 = Release|Any CPU
		{C4EE70CE-4AEF-47FD-82EE-E3DC40A23C3F}.Debug|Any CPU.ActiveCfg = Debug|Any CPU
		{C4EE70CE-4AEF-47FD-82EE-E3DC40A23C3F}.Debug|Any CPU.Build.0 = Debug|Any CPU
		{C4EE70CE-4AEF-47FD-82EE-E3DC40A23C3F}.Release|Any CPU.ActiveCfg = Release|Any CPU
		{C4EE70CE-4AEF-47FD-82EE-E3DC40A23C3F}.Release|Any CPU.Build.0 = Release|Any CPU
		{97948B3E-F2F6-4700-8D33-CCD84A4043AF}.Debug|Any CPU.ActiveCfg = Debug|Any CPU
		{97948B3E-F2F6-4700-8D33-CCD84A4043AF}.Debug|Any CPU.Build.0 = Debug|Any CPU
		{97948B3E-F2F6-4700-8D33-CCD84A4043AF}.Release|Any CPU.ActiveCfg = Release|Any CPU
		{97948B3E-F2F6-4700-8D33-CCD84A4043AF}.Release|Any CPU.Build.0 = Release|Any CPU
		{93EDD8D1-A6AA-4F1A-93E1-B012C174D480}.Debug|Any CPU.ActiveCfg = Debug|Any CPU
		{93EDD8D1-A6AA-4F1A-93E1-B012C174D480}.Debug|Any CPU.Build.0 = Debug|Any CPU
		{93EDD8D1-A6AA-4F1A-93E1-B012C174D480}.Release|Any CPU.ActiveCfg = Release|Any CPU
		{93EDD8D1-A6AA-4F1A-93E1-B012C174D480}.Release|Any CPU.Build.0 = Release|Any CPU
		{AD125408-713D-4B44-A5A9-822002757A8B}.Debug|Any CPU.ActiveCfg = Debug|Any CPU
		{AD125408-713D-4B44-A5A9-822002757A8B}.Debug|Any CPU.Build.0 = Debug|Any CPU
		{AD125408-713D-4B44-A5A9-822002757A8B}.Release|Any CPU.ActiveCfg = Release|Any CPU
		{AD125408-713D-4B44-A5A9-822002757A8B}.Release|Any CPU.Build.0 = Release|Any CPU
		{F1FD3725-3310-44F2-9C3D-084C42E46EF8}.Debug|Any CPU.ActiveCfg = Debug|Any CPU
		{F1FD3725-3310-44F2-9C3D-084C42E46EF8}.Debug|Any CPU.Build.0 = Debug|Any CPU
		{F1FD3725-3310-44F2-9C3D-084C42E46EF8}.Release|Any CPU.ActiveCfg = Release|Any CPU
		{F1FD3725-3310-44F2-9C3D-084C42E46EF8}.Release|Any CPU.Build.0 = Release|Any CPU
		{C749C91A-63EA-44D2-8371-047C0A3411DD}.Debug|Any CPU.ActiveCfg = Debug|Any CPU
		{C749C91A-63EA-44D2-8371-047C0A3411DD}.Debug|Any CPU.Build.0 = Debug|Any CPU
		{C749C91A-63EA-44D2-8371-047C0A3411DD}.Release|Any CPU.ActiveCfg = Release|Any CPU
		{C749C91A-63EA-44D2-8371-047C0A3411DD}.Release|Any CPU.Build.0 = Release|Any CPU
		{8ED28293-90AF-4165-84E8-6DD0A73BA377}.Debug|Any CPU.ActiveCfg = Debug|Any CPU
		{8ED28293-90AF-4165-84E8-6DD0A73BA377}.Debug|Any CPU.Build.0 = Debug|Any CPU
		{8ED28293-90AF-4165-84E8-6DD0A73BA377}.Release|Any CPU.ActiveCfg = Release|Any CPU
		{8ED28293-90AF-4165-84E8-6DD0A73BA377}.Release|Any CPU.Build.0 = Release|Any CPU
		{EFA7F327-CD6B-4957-9426-C4CD65BD2AC6}.Debug|Any CPU.ActiveCfg = Debug|Any CPU
		{EFA7F327-CD6B-4957-9426-C4CD65BD2AC6}.Debug|Any CPU.Build.0 = Debug|Any CPU
		{EFA7F327-CD6B-4957-9426-C4CD65BD2AC6}.Release|Any CPU.ActiveCfg = Release|Any CPU
		{EFA7F327-CD6B-4957-9426-C4CD65BD2AC6}.Release|Any CPU.Build.0 = Release|Any CPU
		{2818339F-F633-417E-A3F9-82AC915D49FF}.Debug|Any CPU.ActiveCfg = Debug|Any CPU
		{2818339F-F633-417E-A3F9-82AC915D49FF}.Debug|Any CPU.Build.0 = Debug|Any CPU
		{2818339F-F633-417E-A3F9-82AC915D49FF}.Release|Any CPU.ActiveCfg = Release|Any CPU
		{2818339F-F633-417E-A3F9-82AC915D49FF}.Release|Any CPU.Build.0 = Release|Any CPU
		{4123466F-E629-470C-926D-0B6B188AF98E}.Debug|Any CPU.ActiveCfg = Debug|Any CPU
		{4123466F-E629-470C-926D-0B6B188AF98E}.Debug|Any CPU.Build.0 = Debug|Any CPU
		{4123466F-E629-470C-926D-0B6B188AF98E}.Release|Any CPU.ActiveCfg = Release|Any CPU
		{4123466F-E629-470C-926D-0B6B188AF98E}.Release|Any CPU.Build.0 = Release|Any CPU
		{7782C6E2-0732-42E5-AFF8-9565122B99BA}.Debug|Any CPU.ActiveCfg = Debug|Any CPU
		{7782C6E2-0732-42E5-AFF8-9565122B99BA}.Debug|Any CPU.Build.0 = Debug|Any CPU
		{7782C6E2-0732-42E5-AFF8-9565122B99BA}.Release|Any CPU.ActiveCfg = Release|Any CPU
		{7782C6E2-0732-42E5-AFF8-9565122B99BA}.Release|Any CPU.Build.0 = Release|Any CPU
		{FC86CA88-684D-4273-A031-765512524BF3}.Debug|Any CPU.ActiveCfg = Debug|Any CPU
		{FC86CA88-684D-4273-A031-765512524BF3}.Debug|Any CPU.Build.0 = Debug|Any CPU
		{FC86CA88-684D-4273-A031-765512524BF3}.Release|Any CPU.ActiveCfg = Release|Any CPU
		{FC86CA88-684D-4273-A031-765512524BF3}.Release|Any CPU.Build.0 = Release|Any CPU
		{896883D4-3381-49FB-A95A-0360F8099A20}.Debug|Any CPU.ActiveCfg = Debug|Any CPU
		{896883D4-3381-49FB-A95A-0360F8099A20}.Debug|Any CPU.Build.0 = Debug|Any CPU
		{896883D4-3381-49FB-A95A-0360F8099A20}.Release|Any CPU.ActiveCfg = Release|Any CPU
		{896883D4-3381-49FB-A95A-0360F8099A20}.Release|Any CPU.Build.0 = Release|Any CPU
		{F7B960C2-8BBD-428C-8AB9-C3295F0E391F}.Debug|Any CPU.ActiveCfg = Debug|Any CPU
		{F7B960C2-8BBD-428C-8AB9-C3295F0E391F}.Debug|Any CPU.Build.0 = Debug|Any CPU
		{F7B960C2-8BBD-428C-8AB9-C3295F0E391F}.Release|Any CPU.ActiveCfg = Release|Any CPU
		{F7B960C2-8BBD-428C-8AB9-C3295F0E391F}.Release|Any CPU.Build.0 = Release|Any CPU
		{6AF5CF8E-22DF-40C9-9D9D-338F34CA2DB0}.Debug|Any CPU.ActiveCfg = Debug|Any CPU
		{6AF5CF8E-22DF-40C9-9D9D-338F34CA2DB0}.Debug|Any CPU.Build.0 = Debug|Any CPU
		{6AF5CF8E-22DF-40C9-9D9D-338F34CA2DB0}.Release|Any CPU.ActiveCfg = Release|Any CPU
		{6AF5CF8E-22DF-40C9-9D9D-338F34CA2DB0}.Release|Any CPU.Build.0 = Release|Any CPU
	EndGlobalSection
	GlobalSection(SolutionProperties) = preSolution
		HideSolutionNode = FALSE
	EndGlobalSection
	GlobalSection(NestedProjects) = preSolution
		{CB9C0157-EDC8-49C8-BB78-20B32CC94F96} = {82C1018B-1870-43C6-BCB2-38AF5A6DB610}
		{8ECA97D0-460B-4A42-8F48-8D80E2C5B14B} = {CFAC031F-A142-4E60-8F66-D5463D141B36}
		{6519A78F-49D0-4727-A499-C780A914E0B6} = {6C449D72-FAB1-4FFC-BA78-8D558F85DC39}
		{F68687A4-1573-43FB-8634-DD07839C10CC} = {6C449D72-FAB1-4FFC-BA78-8D558F85DC39}
		{C4EE70CE-4AEF-47FD-82EE-E3DC40A23C3F} = {3B37C7EA-1289-4E95-A9A3-FB7AA9AD2C40}
		{97948B3E-F2F6-4700-8D33-CCD84A4043AF} = {6C449D72-FAB1-4FFC-BA78-8D558F85DC39}
		{93EDD8D1-A6AA-4F1A-93E1-B012C174D480} = {3B37C7EA-1289-4E95-A9A3-FB7AA9AD2C40}
		{AD125408-713D-4B44-A5A9-822002757A8B} = {4EC54C70-7C2C-44D1-B2B3-EAE0697BD0B2}
		{F1FD3725-3310-44F2-9C3D-084C42E46EF8} = {3B37C7EA-1289-4E95-A9A3-FB7AA9AD2C40}
		{C749C91A-63EA-44D2-8371-047C0A3411DD} = {4EC54C70-7C2C-44D1-B2B3-EAE0697BD0B2}
		{8ED28293-90AF-4165-84E8-6DD0A73BA377} = {6C449D72-FAB1-4FFC-BA78-8D558F85DC39}
		{EFA7F327-CD6B-4957-9426-C4CD65BD2AC6} = {6C449D72-FAB1-4FFC-BA78-8D558F85DC39}
		{2818339F-F633-417E-A3F9-82AC915D49FF} = {6C449D72-FAB1-4FFC-BA78-8D558F85DC39}
		{4123466F-E629-470C-926D-0B6B188AF98E} = {6C449D72-FAB1-4FFC-BA78-8D558F85DC39}
		{7782C6E2-0732-42E5-AFF8-9565122B99BA} = {6C449D72-FAB1-4FFC-BA78-8D558F85DC39}
		{FC86CA88-684D-4273-A031-765512524BF3} = {6C449D72-FAB1-4FFC-BA78-8D558F85DC39}
		{896883D4-3381-49FB-A95A-0360F8099A20} = {3B37C7EA-1289-4E95-A9A3-FB7AA9AD2C40}
		{F7B960C2-8BBD-428C-8AB9-C3295F0E391F} = {4EC54C70-7C2C-44D1-B2B3-EAE0697BD0B2}
		{6AF5CF8E-22DF-40C9-9D9D-338F34CA2DB0} = {4EC54C70-7C2C-44D1-B2B3-EAE0697BD0B2}
	EndGlobalSection
	GlobalSection(ExtensibilityGlobals) = postSolution
		SolutionGuid = {BECA1B91-2140-483C-B02F-018C20755A89}
	EndGlobalSection
EndGlobal
